
Microsoft Visual Studio Solution File, Format Version 12.00
# Visual Studio Version 17
VisualStudioVersion = 17.11.35219.272
MinimumVisualStudioVersion = 10.0.40219.1
Project("{FAE04EC0-301F-11D3-BF4B-00C04F79EFBC}") = "ELIT_AutomationFramework", "ELIT_AutomationFramework.csproj", "{84557E2E-8D57-4B3E-8958-89DD0ACC3F1F}"
EndProject
Global
	GlobalSection(SolutionConfigurationPlatforms) = preSolution
		Debug|Any CPU = Debug|Any CPU
		Release|Any CPU = Release|Any CPU
	EndGlobalSection
	GlobalSection(ProjectConfigurationPlatforms) = postSolution
		{84557E2E-8D57-4B3E-8958-89DD0ACC3F1F}.Debug|Any CPU.ActiveCfg = Debug|Any CPU
		{84557E2E-8D57-4B3E-8958-89DD0ACC3F1F}.Debug|Any CPU.Build.0 = Debug|Any CPU
		{84557E2E-8D57-4B3E-8958-89DD0ACC3F1F}.Release|Any CPU.ActiveCfg = Release|Any CPU
		{84557E2E-8D57-4B3E-8958-89DD0ACC3F1F}.Release|Any CPU.Build.0 = Release|Any CPU
	EndGlobalSection
	GlobalSection(SolutionProperties) = preSolution
		HideSolutionNode = FALSE
	EndGlobalSection
	GlobalSection(ExtensibilityGlobals) = postSolution
		SolutionGuid = {A475C405-96C5-4F2D-AC1C-4A284A84DEFB}
	EndGlobalSection
EndGlobal
